<?xml version="1.0" encoding="UTF-8" standalone="yes" ?>
<CodeBlocks_project_file>
	<FileVersion major="1" minor="6" />
	<Project>
		<Option title="CeresUtils" />
		<Option pch_mode="2" />
		<Option compiler="gcc" />
		<Build>
			<Target title="Debug">
				<Option output="bin/Debug/CeresUtils" prefix_auto="1" extension_auto="1" />
				<Option object_output="obj/Debug/" />
				<Option type="1" />
				<Option compiler="gcc" />
				<Compiler>
					<Add option="-std=c++11" />
					<Add option="-Wextra" />
					<Add option="-g" />
					<Add option="-Wno-sign-compare" />
					<Add directory="include" />
				</Compiler>
			</Target>
			<Target title="Release">
				<Option output="bin/Release/CeresUtils" prefix_auto="1" extension_auto="1" />
				<Option object_output="obj/Release/" />
				<Option type="1" />
				<Option compiler="gcc" />
				<Compiler>
					<Add option="-O2" />
					<Add directory="include" />
				</Compiler>
				<Linker>
					<Add option="-s" />
				</Linker>
			</Target>
		</Build>
		<Compiler>
			<Add option="-Wall" />
		</Compiler>
		<Unit filename="include/Menu/SimpleMenu.h" />
		<Unit filename="include/MenuItemVirtual.h" />
		<Unit filename="include/StdOut.h" />
		<Unit filename="include/StringUtils.h" />
		<Unit filename="include/Testing.h">
			<Option target="Debug" />
		</Unit>
		<Unit filename="include/VectorUtils.h" />
		<Unit filename="src/Menu/SimpleMenu.cpp" />
		<Unit filename="src/MenuItemVirtual.cpp" />
		<Unit filename="src/StdOut.cpp" />
		<Unit filename="src/StringUtils.cpp" />
		<Unit filename="src/Testing.cpp">
			<Option target="Debug" />
		</Unit>
		<Unit filename="src/VectorUtils.cpp" />
		<Extensions>
			<code_completion />
			<debugger />
		</Extensions>
	</Project>
</CodeBlocks_project_file>
